
Microsoft Visual Studio Solution File, Format Version 12.00
# Visual Studio Version 17
VisualStudioVersion = 17.0.32014.148
MinimumVisualStudioVersion = 10.0.40219.1
Project("{9A19103F-16F7-4668-BE54-9A1E7A4F7556}") = "WebApi", "src\WebApi\WebApi.csproj", "{CF3AFD70-7AAE-45AA-B262-9B9B6C18DFD7}"
EndProject
Global
	GlobalSection(SolutionConfigurationPlatforms) = preSolution
		Debug|Any CPU = Debug|Any CPU
		Release|Any CPU = Release|Any CPU
	EndGlobalSection
	GlobalSection(ProjectConfigurationPlatforms) = postSolution
		{CF3AFD70-7AAE-45AA-B262-9B9B6C18DFD7}.Debug|Any CPU.ActiveCfg = Debug|Any CPU
		{CF3AFD70-7AAE-45AA-B262-9B9B6C18DFD7}.Debug|Any CPU.Build.0 = Debug|Any CPU
		{CF3AFD70-7AAE-45AA-B262-9B9B6C18DFD7}.Release|Any CPU.ActiveCfg = Release|Any CPU
		{CF3AFD70-7AAE-45AA-B262-9B9B6C18DFD7}.Release|Any CPU.Build.0 = Release|Any CPU
	EndGlobalSection
	GlobalSection(SolutionProperties) = preSolution
		HideSolutionNode = FALSE
	EndGlobalSection
	GlobalSection(ExtensibilityGlobals) = postSolution
		SolutionGuid = {B5DBCB53-C882-4B80-BA22-7269D276D748}
	EndGlobalSection
EndGlobal
